
Microsoft Visual Studio Solution File, Format Version 12.00
# Visual Studio Version 17
VisualStudioVersion = 17.10.35027.167
MinimumVisualStudioVersion = 10.0.40219.1
Project("{FAE04EC0-301F-11D3-BF4B-00C04F79EFBC}") = "MatrizesArrays", "MatrizesArrays\MatrizesArrays.csproj", "{3682A202-D84D-4E83-9E93-F0DA46A2CD36}"
EndProject
Global
	GlobalSection(SolutionConfigurationPlatforms) = preSolution
		Debug|Any CPU = Debug|Any CPU
		Release|Any CPU = Release|Any CPU
	EndGlobalSection
	GlobalSection(ProjectConfigurationPlatforms) = postSolution
		{3682A202-D84D-4E83-9E93-F0DA46A2CD36}.Debug|Any CPU.ActiveCfg = Debug|Any CPU
		{3682A202-D84D-4E83-9E93-F0DA46A2CD36}.Debug|Any CPU.Build.0 = Debug|Any CPU
		{3682A202-D84D-4E83-9E93-F0DA46A2CD36}.Release|Any CPU.ActiveCfg = Release|Any CPU
		{3682A202-D84D-4E83-9E93-F0DA46A2CD36}.Release|Any CPU.Build.0 = Release|Any CPU
	EndGlobalSection
	GlobalSection(SolutionProperties) = preSolution
		HideSolutionNode = FALSE
	EndGlobalSection
	GlobalSection(ExtensibilityGlobals) = postSolution
		SolutionGuid = {613E2C9F-684B-4D1C-B176-8CC4AC8C5341}
	EndGlobalSection
EndGlobal
